<Solution>
  <Folder Name="/src/">
    <Project Path="src/RealEstate.API/RealEstate.API.csproj" />
    <Project Path="src/RealEstate.Application/RealEstate.Application.csproj" />
    <Project Path="src/RealEstate.Domain/RealEstate.Domain.csproj" />
    <Project Path="src/RealEstate.Infrastructure/RealEstate.Infrastructure.csproj" />
  </Folder>
</Solution>
